// !$*UTF8*$!
{
	archiveVersion = 1;
	classes = {
	};
	objectVersion = 50;
	objects = {

/* Begin PBXBuildFile section */
		2A250A81258A9155003A9A92 /* HighSchoolsViewModel.swift in Sources */ = {isa = PBXBuildFile; fileRef = 2A250A80258A9155003A9A92 /* HighSchoolsViewModel.swift */; };
		2A250A89258A9F03003A9A92 /* HighSchoolDetailsViewModel.swift in Sources */ = {isa = PBXBuildFile; fileRef = 2A250A88258A9F03003A9A92 /* HighSchoolDetailsViewModel.swift */; };
		2A250A91258AA86C003A9A92 /* HighSchoolDetailView.swift in Sources */ = {isa = PBXBuildFile; fileRef = 2A250A90258AA86C003A9A92 /* HighSchoolDetailView.swift */; };
		2A250AA8258AAC03003A9A92 /* HighSchoolRow.swift in Sources */ = {isa = PBXBuildFile; fileRef = 2A250AA7258AAC03003A9A92 /* HighSchoolRow.swift */; };
		2A3ED48D258A6F5400CCD9D8 /* NYCSchoolsApp.swift in Sources */ = {isa = PBXBuildFile; fileRef = 2A3ED48C258A6F5400CCD9D8 /* NYCSchoolsApp.swift */; };
		2A3ED48F258A6F5400CCD9D8 /* HighSchoolList.swift in Sources */ = {isa = PBXBuildFile; fileRef = 2A3ED48E258A6F5400CCD9D8 /* HighSchoolList.swift */; };
		2A3ED491258A6F5500CCD9D8 /* Assets.xcassets in Resources */ = {isa = PBXBuildFile; fileRef = 2A3ED490258A6F5500CCD9D8 /* Assets.xcassets */; };
		2A3ED494258A6F5500CCD9D8 /* Preview Assets.xcassets in Resources */ = {isa = PBXBuildFile; fileRef = 2A3ED493258A6F5500CCD9D8 /* Preview Assets.xcassets */; };
		2A3ED49F258A6F5600CCD9D8 /* NYCSchoolsTests.swift in Sources */ = {isa = PBXBuildFile; fileRef = 2A3ED49E258A6F5600CCD9D8 /* NYCSchoolsTests.swift */; };
		2A3ED4AA258A6F5600CCD9D8 /* NYCSchoolsUITests.swift in Sources */ = {isa = PBXBuildFile; fileRef = 2A3ED4A9258A6F5600CCD9D8 /* NYCSchoolsUITests.swift */; };
		2A4E2C2C258D1F2B0062C5A5 /* HighSchoolDataRow.swift in Sources */ = {isa = PBXBuildFile; fileRef = 2A4E2C2B258D1F2B0062C5A5 /* HighSchoolDataRow.swift */; };
		2A4E2C31258D21480062C5A5 /* LoadingIndicator.swift in Sources */ = {isa = PBXBuildFile; fileRef = 2A4E2C30258D21480062C5A5 /* LoadingIndicator.swift */; };
		2AF2A056258A7F9300A6020D /* NYCSchoolAPI.swift in Sources */ = {isa = PBXBuildFile; fileRef = 2AF2A055258A7F9300A6020D /* NYCSchoolAPI.swift */; };
		2AF2A061258A857700A6020D /* HighSchool.swift in Sources */ = {isa = PBXBuildFile; fileRef = 2AF2A060258A857700A6020D /* HighSchool.swift */; };
		2AF2A066258A858400A6020D /* HighSchoolsError.swift in Sources */ = {isa = PBXBuildFile; fileRef = 2AF2A065258A858400A6020D /* HighSchoolsError.swift */; };
		2AF2A071258A8A4200A6020D /* HighSchoolSATScore.swift in Sources */ = {isa = PBXBuildFile; fileRef = 2AF2A070258A8A4200A6020D /* HighSchoolSATScore.swift */; };
/* End PBXBuildFile section */

/* Begin PBXContainerItemProxy section */
		2A3ED49B258A6F5600CCD9D8 /* PBXContainerItemProxy */ = {
			isa = PBXContainerItemProxy;
			containerPortal = 2A3ED481258A6F5400CCD9D8 /* Project object */;
			proxyType = 1;
			remoteGlobalIDString = 2A3ED488258A6F5400CCD9D8;
			remoteInfo = NYCSchools;
		};
		2A3ED4A6258A6F5600CCD9D8 /* PBXContainerItemProxy */ = {
			isa = PBXContainerItemProxy;
			containerPortal = 2A3ED481258A6F5400CCD9D8 /* Project object */;
			proxyType = 1;
			remoteGlobalIDString = 2A3ED488258A6F5400CCD9D8;
			remoteInfo = NYCSchools;
		};
/* End PBXContainerItemProxy section */

/* Begin PBXFileReference section */
		2A250A80258A9155003A9A92 /* HighSchoolsViewModel.swift */ = {isa = PBXFileReference; lastKnownFileType = sourcecode.swift; path = HighSchoolsViewModel.swift; sourceTree = "<group>"; };
		2A250A88258A9F03003A9A92 /* HighSchoolDetailsViewModel.swift */ = {isa = PBXFileReference; lastKnownFileType = sourcecode.swift; path = HighSchoolDetailsViewModel.swift; sourceTree = "<group>"; };
		2A250A90258AA86C003A9A92 /* HighSchoolDetailView.swift */ = {isa = PBXFileReference; lastKnownFileType = sourcecode.swift; path = HighSchoolDetailView.swift; sourceTree = "<group>"; };
		2A250AA7258AAC03003A9A92 /* HighSchoolRow.swift */ = {isa = PBXFileReference; lastKnownFileType = sourcecode.swift; path = HighSchoolRow.swift; sourceTree = "<group>"; };
		2A3ED489258A6F5400CCD9D8 /* NYCSchools.app */ = {isa = PBXFileReference; explicitFileType = wrapper.application; includeInIndex = 0; path = NYCSchools.app; sourceTree = BUILT_PRODUCTS_DIR; };
		2A3ED48C258A6F5400CCD9D8 /* NYCSchoolsApp.swift */ = {isa = PBXFileReference; lastKnownFileType = sourcecode.swift; path = NYCSchoolsApp.swift; sourceTree = "<group>"; };
		2A3ED48E258A6F5400CCD9D8 /* HighSchoolList.swift */ = {isa = PBXFileReference; lastKnownFileType = sourcecode.swift; path = HighSchoolList.swift; sourceTree = "<group>"; };
		2A3ED490258A6F5500CCD9D8 /* Assets.xcassets */ = {isa = PBXFileReference; lastKnownFileType = folder.assetcatalog; path = Assets.xcassets; sourceTree = "<group>"; };
		2A3ED493258A6F5500CCD9D8 /* Preview Assets.xcassets */ = {isa = PBXFileReference; lastKnownFileType = folder.assetcatalog; path = "Preview Assets.xcassets"; sourceTree = "<group>"; };
		2A3ED495258A6F5500CCD9D8 /* Info.plist */ = {isa = PBXFileReference; lastKnownFileType = text.plist.xml; path = Info.plist; sourceTree = "<group>"; };
		2A3ED49A258A6F5600CCD9D8 /* NYCSchoolsTests.xctest */ = {isa = PBXFileReference; explicitFileType = wrapper.cfbundle; includeInIndex = 0; path = NYCSchoolsTests.xctest; sourceTree = BUILT_PRODUCTS_DIR; };
		2A3ED49E258A6F5600CCD9D8 /* NYCSchoolsTests.swift */ = {isa = PBXFileReference; lastKnownFileType = sourcecode.swift; path = NYCSchoolsTests.swift; sourceTree = "<group>"; };
		2A3ED4A0258A6F5600CCD9D8 /* Info.plist */ = {isa = PBXFileReference; lastKnownFileType = text.plist.xml; path = Info.plist; sourceTree = "<group>"; };
		2A3ED4A5258A6F5600CCD9D8 /* NYCSchoolsUITests.xctest */ = {isa = PBXFileReference; explicitFileType = wrapper.cfbundle; includeInIndex = 0; path = NYCSchoolsUITests.xctest; sourceTree = BUILT_PRODUCTS_DIR; };
		2A3ED4A9258A6F5600CCD9D8 /* NYCSchoolsUITests.swift */ = {isa = PBXFileReference; lastKnownFileType = sourcecode.swift; path = NYCSchoolsUITests.swift; sourceTree = "<group>"; };
		2A3ED4AB258A6F5600CCD9D8 /* Info.plist */ = {isa = PBXFileReference; lastKnownFileType = text.plist.xml; path = Info.plist; sourceTree = "<group>"; };
		2A4E2C2B258D1F2B0062C5A5 /* HighSchoolDataRow.swift */ = {isa = PBXFileReference; lastKnownFileType = sourcecode.swift; path = HighSchoolDataRow.swift; sourceTree = "<group>"; };
		2A4E2C30258D21480062C5A5 /* LoadingIndicator.swift */ = {isa = PBXFileReference; lastKnownFileType = sourcecode.swift; path = LoadingIndicator.swift; sourceTree = "<group>"; };
		2AF2A055258A7F9300A6020D /* NYCSchoolAPI.swift */ = {isa = PBXFileReference; lastKnownFileType = sourcecode.swift; path = NYCSchoolAPI.swift; sourceTree = "<group>"; };
		2AF2A060258A857700A6020D /* HighSchool.swift */ = {isa = PBXFileReference; lastKnownFileType = sourcecode.swift; path = HighSchool.swift; sourceTree = "<group>"; };
		2AF2A065258A858400A6020D /* HighSchoolsError.swift */ = {isa = PBXFileReference; lastKnownFileType = sourcecode.swift; path = HighSchoolsError.swift; sourceTree = "<group>"; };
		2AF2A070258A8A4200A6020D /* HighSchoolSATScore.swift */ = {isa = PBXFileReference; lastKnownFileType = sourcecode.swift; path = HighSchoolSATScore.swift; sourceTree = "<group>"; };
/* End PBXFileReference section */

/* Begin PBXFrameworksBuildPhase section */
		2A3ED486258A6F5400CCD9D8 /* Frameworks */ = {
			isa = PBXFrameworksBuildPhase;
			buildActionMask = 2147483647;
			files = (
			);
			runOnlyForDeploymentPostprocessing = 0;
		};
		2A3ED497258A6F5600CCD9D8 /* Frameworks */ = {
			isa = PBXFrameworksBuildPhase;
			buildActionMask = 2147483647;
			files = (
			);
			runOnlyForDeploymentPostprocessing = 0;
		};
		2A3ED4A2258A6F5600CCD9D8 /* Frameworks */ = {
			isa = PBXFrameworksBuildPhase;
			buildActionMask = 2147483647;
			files = (
			);
			runOnlyForDeploymentPostprocessing = 0;
		};
/* End PBXFrameworksBuildPhase section */

/* Begin PBXGroup section */
		2A3ED480258A6F5400CCD9D8 = {
			isa = PBXGroup;
			children = (
				2A3ED48B258A6F5400CCD9D8 /* NYCSchools */,
				2A3ED49D258A6F5600CCD9D8 /* NYCSchoolsTests */,
				2A3ED4A8258A6F5600CCD9D8 /* NYCSchoolsUITests */,
				2A3ED48A258A6F5400CCD9D8 /* Products */,
			);
			sourceTree = "<group>";
		};
		2A3ED48A258A6F5400CCD9D8 /* Products */ = {
			isa = PBXGroup;
			children = (
				2A3ED489258A6F5400CCD9D8 /* NYCSchools.app */,
				2A3ED49A258A6F5600CCD9D8 /* NYCSchoolsTests.xctest */,
				2A3ED4A5258A6F5600CCD9D8 /* NYCSchoolsUITests.xctest */,
			);
			name = Products;
			sourceTree = "<group>";
		};
		2A3ED48B258A6F5400CCD9D8 /* NYCSchools */ = {
			isa = PBXGroup;
			children = (
				2A3ED48C258A6F5400CCD9D8 /* NYCSchoolsApp.swift */,
				2AF2A078258A903400A6020D /* View */,
				2AF2A077258A901B00A6020D /* ViewModel */,
				2AF2A075258A900100A6020D /* Model */,
				2A3ED490258A6F5500CCD9D8 /* Assets.xcassets */,
				2A3ED495258A6F5500CCD9D8 /* Info.plist */,
				2AF2A054258A7F4800A6020D /* API */,
				2A3ED492258A6F5500CCD9D8 /* Preview Content */,
			);
			path = NYCSchools;
			sourceTree = "<group>";
		};
		2A3ED492258A6F5500CCD9D8 /* Preview Content */ = {
			isa = PBXGroup;
			children = (
				2A3ED493258A6F5500CCD9D8 /* Preview Assets.xcassets */,
			);
			path = "Preview Content";
			sourceTree = "<group>";
		};
		2A3ED49D258A6F5600CCD9D8 /* NYCSchoolsTests */ = {
			isa = PBXGroup;
			children = (
				2A3ED49E258A6F5600CCD9D8 /* NYCSchoolsTests.swift */,
				2A3ED4A0258A6F5600CCD9D8 /* Info.plist */,
			);
			path = NYCSchoolsTests;
			sourceTree = "<group>";
		};
		2A3ED4A8258A6F5600CCD9D8 /* NYCSchoolsUITests */ = {
			isa = PBXGroup;
			children = (
				2A3ED4A9258A6F5600CCD9D8 /* NYCSchoolsUITests.swift */,
				2A3ED4AB258A6F5600CCD9D8 /* Info.plist */,
			);
			path = NYCSchoolsUITests;
			sourceTree = "<group>";
		};
		2AF2A054258A7F4800A6020D /* API */ = {
			isa = PBXGroup;
			children = (
				2AF2A055258A7F9300A6020D /* NYCSchoolAPI.swift */,
				2AF2A065258A858400A6020D /* HighSchoolsError.swift */,
			);
			path = API;
			sourceTree = "<group>";
		};
		2AF2A075258A900100A6020D /* Model */ = {
			isa = PBXGroup;
			children = (
				2AF2A060258A857700A6020D /* HighSchool.swift */,
				2AF2A070258A8A4200A6020D /* HighSchoolSATScore.swift */,
			);
			path = Model;
			sourceTree = "<group>";
		};
		2AF2A077258A901B00A6020D /* ViewModel */ = {
			isa = PBXGroup;
			children = (
				2A250A80258A9155003A9A92 /* HighSchoolsViewModel.swift */,
				2A250A88258A9F03003A9A92 /* HighSchoolDetailsViewModel.swift */,
			);
			path = ViewModel;
			sourceTree = "<group>";
		};
		2AF2A078258A903400A6020D /* View */ = {
			isa = PBXGroup;
			children = (
				2A3ED48E258A6F5400CCD9D8 /* HighSchoolList.swift */,
				2A250AA7258AAC03003A9A92 /* HighSchoolRow.swift */,
				2A250A90258AA86C003A9A92 /* HighSchoolDetailView.swift */,
				2A4E2C2B258D1F2B0062C5A5 /* HighSchoolDataRow.swift */,
				2A4E2C30258D21480062C5A5 /* LoadingIndicator.swift */,
			);
			path = View;
			sourceTree = "<group>";
		};
/* End PBXGroup section */

/* Begin PBXNativeTarget section */
		2A3ED488258A6F5400CCD9D8 /* NYCSchools */ = {
			isa = PBXNativeTarget;
			buildConfigurationList = 2A3ED4AE258A6F5600CCD9D8 /* Build configuration list for PBXNativeTarget "NYCSchools" */;
			buildPhases = (
				2A3ED485258A6F5400CCD9D8 /* Sources */,
				2A3ED486258A6F5400CCD9D8 /* Frameworks */,
				2A3ED487258A6F5400CCD9D8 /* Resources */,
			);
			buildRules = (
			);
			dependencies = (
			);
			name = NYCSchools;
			productName = NYCSchools;
			productReference = 2A3ED489258A6F5400CCD9D8 /* NYCSchools.app */;
			productType = "com.apple.product-type.application";
		};
		2A3ED499258A6F5600CCD9D8 /* NYCSchoolsTests */ = {
			isa = PBXNativeTarget;
			buildConfigurationList = 2A3ED4B1258A6F5600CCD9D8 /* Build configuration list for PBXNativeTarget "NYCSchoolsTests" */;
			buildPhases = (
				2A3ED496258A6F5600CCD9D8 /* Sources */,
				2A3ED497258A6F5600CCD9D8 /* Frameworks */,
				2A3ED498258A6F5600CCD9D8 /* Resources */,
			);
			buildRules = (
			);
			dependencies = (
				2A3ED49C258A6F5600CCD9D8 /* PBXTargetDependency */,
			);
			name = NYCSchoolsTests;
			productName = NYCSchoolsTests;
			productReference = 2A3ED49A258A6F5600CCD9D8 /* NYCSchoolsTests.xctest */;
			productType = "com.apple.product-type.bundle.unit-test";
		};
		2A3ED4A4258A6F5600CCD9D8 /* NYCSchoolsUITests */ = {
			isa = PBXNativeTarget;
			buildConfigurationList = 2A3ED4B4258A6F5600CCD9D8 /* Build configuration list for PBXNativeTarget "NYCSchoolsUITests" */;
			buildPhases = (
				2A3ED4A1258A6F5600CCD9D8 /* Sources */,
				2A3ED4A2258A6F5600CCD9D8 /* Frameworks */,
				2A3ED4A3258A6F5600CCD9D8 /* Resources */,
			);
			buildRules = (
			);
			dependencies = (
				2A3ED4A7258A6F5600CCD9D8 /* PBXTargetDependency */,
			);
			name = NYCSchoolsUITests;
			productName = NYCSchoolsUITests;
			productReference = 2A3ED4A5258A6F5600CCD9D8 /* NYCSchoolsUITests.xctest */;
			productType = "com.apple.product-type.bundle.ui-testing";
		};
/* End PBXNativeTarget section */

/* Begin PBXProject section */
		2A3ED481258A6F5400CCD9D8 /* Project object */ = {
			isa = PBXProject;
			attributes = {
				LastSwiftUpdateCheck = 1230;
				LastUpgradeCheck = 1230;
				TargetAttributes = {
					2A3ED488258A6F5400CCD9D8 = {
						CreatedOnToolsVersion = 12.3;
					};
					2A3ED499258A6F5600CCD9D8 = {
						CreatedOnToolsVersion = 12.3;
						TestTargetID = 2A3ED488258A6F5400CCD9D8;
					};
					2A3ED4A4258A6F5600CCD9D8 = {
						CreatedOnToolsVersion = 12.3;
						TestTargetID = 2A3ED488258A6F5400CCD9D8;
					};
				};
			};
			buildConfigurationList = 2A3ED484258A6F5400CCD9D8 /* Build configuration list for PBXProject "NYCSchools" */;
			compatibilityVersion = "Xcode 9.3";
			developmentRegion = en;
			hasScannedForEncodings = 0;
			knownRegions = (
				en,
				Base,
			);
			mainGroup = 2A3ED480258A6F5400CCD9D8;
			productRefGroup = 2A3ED48A258A6F5400CCD9D8 /* Products */;
			projectDirPath = "";
			projectRoot = "";
			targets = (
				2A3ED488258A6F5400CCD9D8 /* NYCSchools */,
				2A3ED499258A6F5600CCD9D8 /* NYCSchoolsTests */,
				2A3ED4A4258A6F5600CCD9D8 /* NYCSchoolsUITests */,
			);
		};
/* End PBXProject section */

/* Begin PBXResourcesBuildPhase section */
		2A3ED487258A6F5400CCD9D8 /* Resources */ = {
			isa = PBXResourcesBuildPhase;
			buildActionMask = 2147483647;
			files = (
				2A3ED494258A6F5500CCD9D8 /* Preview Assets.xcassets in Resources */,
				2A3ED491258A6F5500CCD9D8 /* Assets.xcassets in Resources */,
			);
			runOnlyForDeploymentPostprocessing = 0;
		};
		2A3ED498258A6F5600CCD9D8 /* Resources */ = {
			isa = PBXResourcesBuildPhase;
			buildActionMask = 2147483647;
			files = (
			);
			runOnlyForDeploymentPostprocessing = 0;
		};
		2A3ED4A3258A6F5600CCD9D8 /* Resources */ = {
			isa = PBXResourcesBuildPhase;
			buildActionMask = 2147483647;
			files = (
			);
			runOnlyForDeploymentPostprocessing = 0;
		};
/* End PBXResourcesBuildPhase section */

/* Begin PBXSourcesBuildPhase section */
		2A3ED485258A6F5400CCD9D8 /* Sources */ = {
			isa = PBXSourcesBuildPhase;
			buildActionMask = 2147483647;
			files = (
				2A4E2C31258D21480062C5A5 /* LoadingIndicator.swift in Sources */,
				2A250AA8258AAC03003A9A92 /* HighSchoolRow.swift in Sources */,
				2AF2A071258A8A4200A6020D /* HighSchoolSATScore.swift in Sources */,
				2A3ED48F258A6F5400CCD9D8 /* HighSchoolList.swift in Sources */,
				2A4E2C2C258D1F2B0062C5A5 /* HighSchoolDataRow.swift in Sources */,
				2A250A89258A9F03003A9A92 /* HighSchoolDetailsViewModel.swift in Sources */,
				2A250A91258AA86C003A9A92 /* HighSchoolDetailView.swift in Sources */,
				2AF2A056258A7F9300A6020D /* NYCSchoolAPI.swift in Sources */,
				2AF2A066258A858400A6020D /* HighSchoolsError.swift in Sources */,
				2A250A81258A9155003A9A92 /* HighSchoolsViewModel.swift in Sources */,
				2AF2A061258A857700A6020D /* HighSchool.swift in Sources */,
				2A3ED48D258A6F5400CCD9D8 /* NYCSchoolsApp.swift in Sources */,
			);
			runOnlyForDeploymentPostprocessing = 0;
		};
		2A3ED496258A6F5600CCD9D8 /* Sources */ = {
			isa = PBXSourcesBuildPhase;
			buildActionMask = 2147483647;
			files = (
				2A3ED49F258A6F5600CCD9D8 /* NYCSchoolsTests.swift in Sources */,
			);
			runOnlyForDeploymentPostprocessing = 0;
		};
		2A3ED4A1258A6F5600CCD9D8 /* Sources */ = {
			isa = PBXSourcesBuildPhase;
			buildActionMask = 2147483647;
			files = (
				2A3ED4AA258A6F5600CCD9D8 /* NYCSchoolsUITests.swift in Sources */,
			);
			runOnlyForDeploymentPostprocessing = 0;
		};
/* End PBXSourcesBuildPhase section */

/* Begin PBXTargetDependency section */
		2A3ED49C258A6F5600CCD9D8 /* PBXTargetDependency */ = {
			isa = PBXTargetDependency;
			target = 2A3ED488258A6F5400CCD9D8 /* NYCSchools */;
			targetProxy = 2A3ED49B258A6F5600CCD9D8 /* PBXContainerItemProxy */;
		};
		2A3ED4A7258A6F5600CCD9D8 /* PBXTargetDependency */ = {
			isa = PBXTargetDependency;
			target = 2A3ED488258A6F5400CCD9D8 /* NYCSchools */;
			targetProxy = 2A3ED4A6258A6F5600CCD9D8 /* PBXContainerItemProxy */;
		};
/* End PBXTargetDependency section */

/* Begin XCBuildConfiguration section */
		2A3ED4AC258A6F5600CCD9D8 /* Debug */ = {
			isa = XCBuildConfiguration;
			buildSettings = {
				ALWAYS_SEARCH_USER_PATHS = NO;
				CLANG_ANALYZER_NONNULL = YES;
				CLANG_ANALYZER_NUMBER_OBJECT_CONVERSION = YES_AGGRESSIVE;
				CLANG_CXX_LANGUAGE_STANDARD = "gnu++14";
				CLANG_CXX_LIBRARY = "libc++";
				CLANG_ENABLE_MODULES = YES;
				CLANG_ENABLE_OBJC_ARC = YES;
				CLANG_ENABLE_OBJC_WEAK = YES;
				CLANG_WARN_BLOCK_CAPTURE_AUTORELEASING = YES;
				CLANG_WARN_BOOL_CONVERSION = YES;
				CLANG_WARN_COMMA = YES;
				CLANG_WARN_CONSTANT_CONVERSION = YES;
				CLANG_WARN_DEPRECATED_OBJC_IMPLEMENTATIONS = YES;
				CLANG_WARN_DIRECT_OBJC_ISA_USAGE = YES_ERROR;
				CLANG_WARN_DOCUMENTATION_COMMENTS = YES;
				CLANG_WARN_EMPTY_BODY = YES;
				CLANG_WARN_ENUM_CONVERSION = YES;
				CLANG_WARN_INFINITE_RECURSION = YES;
				CLANG_WARN_INT_CONVERSION = YES;
				CLANG_WARN_NON_LITERAL_NULL_CONVERSION = YES;
				CLANG_WARN_OBJC_IMPLICIT_RETAIN_SELF = YES;
				CLANG_WARN_OBJC_LITERAL_CONVERSION = YES;
				CLANG_WARN_OBJC_ROOT_CLASS = YES_ERROR;
				CLANG_WARN_QUOTED_INCLUDE_IN_FRAMEWORK_HEADER = YES;
				CLANG_WARN_RANGE_LOOP_ANALYSIS = YES;
				CLANG_WARN_STRICT_PROTOTYPES = YES;
				CLANG_WARN_SUSPICIOUS_MOVE = YES;
				CLANG_WARN_UNGUARDED_AVAILABILITY = YES_AGGRESSIVE;
				CLANG_WARN_UNREACHABLE_CODE = YES;
				CLANG_WARN__DUPLICATE_METHOD_MATCH = YES;
				COPY_PHASE_STRIP = NO;
				DEBUG_INFORMATION_FORMAT = dwarf;
				ENABLE_STRICT_OBJC_MSGSEND = YES;
				ENABLE_TESTABILITY = YES;
				GCC_C_LANGUAGE_STANDARD = gnu11;
				GCC_DYNAMIC_NO_PIC = NO;
				GCC_NO_COMMON_BLOCKS = YES;
				GCC_OPTIMIZATION_LEVEL = 0;
				GCC_PREPROCESSOR_DEFINITIONS = (
					"DEBUG=1",
					"$(inherited)",
				);
				GCC_WARN_64_TO_32_BIT_CONVERSION = YES;
				GCC_WARN_ABOUT_RETURN_TYPE = YES_ERROR;
				GCC_WARN_UNDECLARED_SELECTOR = YES;
				GCC_WARN_UNINITIALIZED_AUTOS = YES_AGGRESSIVE;
				GCC_WARN_UNUSED_FUNCTION = YES;
				GCC_WARN_UNUSED_VARIABLE = YES;
				IPHONEOS_DEPLOYMENT_TARGET = 14.3;
				MTL_ENABLE_DEBUG_INFO = INCLUDE_SOURCE;
				MTL_FAST_MATH = YES;
				ONLY_ACTIVE_ARCH = YES;
				SDKROOT = iphoneos;
				SWIFT_ACTIVE_COMPILATION_CONDITIONS = DEBUG;
				SWIFT_OPTIMIZATION_LEVEL = "-Onone";
			};
			name = Debug;
		};
		2A3ED4AD258A6F5600CCD9D8 /* Release */ = {
			isa = XCBuildConfiguration;
			buildSettings = {
				ALWAYS_SEARCH_USER_PATHS = NO;
				CLANG_ANALYZER_NONNULL = YES;
				CLANG_ANALYZER_NUMBER_OBJECT_CONVERSION = YES_AGGRESSIVE;
				CLANG_CXX_LANGUAGE_STANDARD = "gnu++14";
				CLANG_CXX_LIBRARY = "libc++";
				CLANG_ENABLE_MODULES = YES;
				CLANG_ENABLE_OBJC_ARC = YES;
				CLANG_ENABLE_OBJC_WEAK = YES;
				CLANG_WARN_BLOCK_CAPTURE_AUTORELEASING = YES;
				CLANG_WARN_BOOL_CONVERSION = YES;
				CLANG_WARN_COMMA = YES;
				CLANG_WARN_CONSTANT_CONVERSION = YES;
				CLANG_WARN_DEPRECATED_OBJC_IMPLEMENTATIONS = YES;
				CLANG_WARN_DIRECT_OBJC_ISA_USAGE = YES_ERROR;
				CLANG_WARN_DOCUMENTATION_COMMENTS = YES;
				CLANG_WARN_EMPTY_BODY = YES;
				CLANG_WARN_ENUM_CONVERSION = YES;
				CLANG_WARN_INFINITE_RECURSION = YES;
				CLANG_WARN_INT_CONVERSION = YES;
				CLANG_WARN_NON_LITERAL_NULL_CONVERSION = YES;
				CLANG_WARN_OBJC_IMPLICIT_RETAIN_SELF = YES;
				CLANG_WARN_OBJC_LITERAL_CONVERSION = YES;
				CLANG_WARN_OBJC_ROOT_CLASS = YES_ERROR;
				CLANG_WARN_QUOTED_INCLUDE_IN_FRAMEWORK_HEADER = YES;
				CLANG_WARN_RANGE_LOOP_ANALYSIS = YES;
				CLANG_WARN_STRICT_PROTOTYPES = YES;
				CLANG_WARN_SUSPICIOUS_MOVE = YES;
				CLANG_WARN_UNGUARDED_AVAILABILITY = YES_AGGRESSIVE;
				CLANG_WARN_UNREACHABLE_CODE = YES;
				CLANG_WARN__DUPLICATE_METHOD_MATCH = YES;
				COPY_PHASE_STRIP = NO;
				DEBUG_INFORMATION_FORMAT = "dwarf-with-dsym";
				ENABLE_NS_ASSERTIONS = NO;
				ENABLE_STRICT_OBJC_MSGSEND = YES;
				GCC_C_LANGUAGE_STANDARD = gnu11;
				GCC_NO_COMMON_BLOCKS = YES;
				GCC_WARN_64_TO_32_BIT_CONVERSION = YES;
				GCC_WARN_ABOUT_RETURN_TYPE = YES_ERROR;
				GCC_WARN_UNDECLARED_SELECTOR = YES;
				GCC_WARN_UNINITIALIZED_AUTOS = YES_AGGRESSIVE;
				GCC_WARN_UNUSED_FUNCTION = YES;
				GCC_WARN_UNUSED_VARIABLE = YES;
				IPHONEOS_DEPLOYMENT_TARGET = 14.3;
				MTL_ENABLE_DEBUG_INFO = NO;
				MTL_FAST_MATH = YES;
				SDKROOT = iphoneos;
				SWIFT_COMPILATION_MODE = wholemodule;
				SWIFT_OPTIMIZATION_LEVEL = "-O";
				VALIDATE_PRODUCT = YES;
			};
			name = Release;
		};
		2A3ED4AF258A6F5600CCD9D8 /* Debug */ = {
			isa = XCBuildConfiguration;
			buildSettings = {
				ASSETCATALOG_COMPILER_APPICON_NAME = AppIcon;
				ASSETCATALOG_COMPILER_GLOBAL_ACCENT_COLOR_NAME = AccentColor;
				CODE_SIGN_STYLE = Automatic;
				DEVELOPMENT_ASSET_PATHS = "\"NYCSchools/Preview Content\"";
				DEVELOPMENT_TEAM = 2RQ82SNR8Q;
				ENABLE_PREVIEWS = YES;
				INFOPLIST_FILE = NYCSchools/Info.plist;
				IPHONEOS_DEPLOYMENT_TARGET = 14.0;
				LD_RUNPATH_SEARCH_PATHS = (
					"$(inherited)",
					"@executable_path/Frameworks",
				);
				PRODUCT_BUNDLE_IDENTIFIER = com.gayngler.NYCSchools;
				PRODUCT_NAME = "$(TARGET_NAME)";
				SWIFT_VERSION = 5.0;
				TARGETED_DEVICE_FAMILY = "1,2";
			};
			name = Debug;
		};
		2A3ED4B0258A6F5600CCD9D8 /* Release */ = {
			isa = XCBuildConfiguration;
			buildSettings = {
				ASSETCATALOG_COMPILER_APPICON_NAME = AppIcon;
				ASSETCATALOG_COMPILER_GLOBAL_ACCENT_COLOR_NAME = AccentColor;
				CODE_SIGN_STYLE = Automatic;
				DEVELOPMENT_ASSET_PATHS = "\"NYCSchools/Preview Content\"";
				DEVELOPMENT_TEAM = 2RQ82SNR8Q;
				ENABLE_PREVIEWS = YES;
				INFOPLIST_FILE = NYCSchools/Info.plist;
				IPHONEOS_DEPLOYMENT_TARGET = 14.0;
				LD_RUNPATH_SEARCH_PATHS = (
					"$(inherited)",
					"@executable_path/Frameworks",
				);
				PRODUCT_BUNDLE_IDENTIFIER = com.gayngler.NYCSchools;
				PRODUCT_NAME = "$(TARGET_NAME)";
				SWIFT_VERSION = 5.0;
				TARGETED_DEVICE_FAMILY = "1,2";
			};
			name = Release;
		};
		2A3ED4B2258A6F5600CCD9D8 /* Debug */ = {
			isa = XCBuildConfiguration;
			buildSettings = {
				ALWAYS_EMBED_SWIFT_STANDARD_LIBRARIES = YES;
				BUNDLE_LOADER = "$(TEST_HOST)";
				CODE_SIGN_STYLE = Automatic;
				DEVELOPMENT_TEAM = 2RQ82SNR8Q;
				INFOPLIST_FILE = NYCSchoolsTests/Info.plist;
				IPHONEOS_DEPLOYMENT_TARGET = 14.0;
				LD_RUNPATH_SEARCH_PATHS = (
					"$(inherited)",
					"@executable_path/Frameworks",
					"@loader_path/Frameworks",
				);
				PRODUCT_BUNDLE_IDENTIFIER = com.gayngler.NYCSchoolsTests;
				PRODUCT_NAME = "$(TARGET_NAME)";
				SWIFT_VERSION = 5.0;
				TARGETED_DEVICE_FAMILY = "1,2";
				TEST_HOST = "$(BUILT_PRODUCTS_DIR)/NYCSchools.app/NYCSchools";
			};
			name = Debug;
		};
		2A3ED4B3258A6F5600CCD9D8 /* Release */ = {
			isa = XCBuildConfiguration;
			buildSettings = {
				ALWAYS_EMBED_SWIFT_STANDARD_LIBRARIES = YES;
				BUNDLE_LOADER = "$(TEST_HOST)";
				CODE_SIGN_STYLE = Automatic;
				DEVELOPMENT_TEAM = 2RQ82SNR8Q;
				INFOPLIST_FILE = NYCSchoolsTests/Info.plist;
				IPHONEOS_DEPLOYMENT_TARGET = 14.0;
				LD_RUNPATH_SEARCH_PATHS = (
					"$(inherited)",
					"@executable_path/Frameworks",
					"@loader_path/Frameworks",
				);
				PRODUCT_BUNDLE_IDENTIFIER = com.gayngler.NYCSchoolsTests;
				PRODUCT_NAME = "$(TARGET_NAME)";
				SWIFT_VERSION = 5.0;
				TARGETED_DEVICE_FAMILY = "1,2";
				TEST_HOST = "$(BUILT_PRODUCTS_DIR)/NYCSchools.app/NYCSchools";
			};
			name = Release;
		};
		2A3ED4B5258A6F5600CCD9D8 /* Debug */ = {
			isa = XCBuildConfiguration;
			buildSettings = {
				ALWAYS_EMBED_SWIFT_STANDARD_LIBRARIES = YES;
				CODE_SIGN_STYLE = Automatic;
				DEVELOPMENT_TEAM = 2RQ82SNR8Q;
				INFOPLIST_FILE = NYCSchoolsUITests/Info.plist;
				LD_RUNPATH_SEARCH_PATHS = (
					"$(inherited)",
					"@executable_path/Frameworks",
					"@loader_path/Frameworks",
				);
				PRODUCT_BUNDLE_IDENTIFIER = com.gayngler.NYCSchoolsUITests;
				PRODUCT_NAME = "$(TARGET_NAME)";
				SWIFT_VERSION = 5.0;
				TARGETED_DEVICE_FAMILY = "1,2";
				TEST_TARGET_NAME = NYCSchools;
			};
			name = Debug;
		};
		2A3ED4B6258A6F5600CCD9D8 /* Release */ = {
			isa = XCBuildConfiguration;
			buildSettings = {
				ALWAYS_EMBED_SWIFT_STANDARD_LIBRARIES = YES;
				CODE_SIGN_STYLE = Automatic;
				DEVELOPMENT_TEAM = 2RQ82SNR8Q;
				INFOPLIST_FILE = NYCSchoolsUITests/Info.plist;
				LD_RUNPATH_SEARCH_PATHS = (
					"$(inherited)",
					"@executable_path/Frameworks",
					"@loader_path/Frameworks",
				);
				PRODUCT_BUNDLE_IDENTIFIER = com.gayngler.NYCSchoolsUITests;
				PRODUCT_NAME = "$(TARGET_NAME)";
				SWIFT_VERSION = 5.0;
				TARGETED_DEVICE_FAMILY = "1,2";
				TEST_TARGET_NAME = NYCSchools;
			};
			name = Release;
		};
/* End XCBuildConfiguration section */

/* Begin XCConfigurationList section */
		2A3ED484258A6F5400CCD9D8 /* Build configuration list for PBXProject "NYCSchools" */ = {
			isa = XCConfigurationList;
			buildConfigurations = (
				2A3ED4AC258A6F5600CCD9D8 /* Debug */,
				2A3ED4AD258A6F5600CCD9D8 /* Release */,
			);
			defaultConfigurationIsVisible = 0;
			defaultConfigurationName = Release;
		};
		2A3ED4AE258A6F5600CCD9D8 /* Build configuration list for PBXNativeTarget "NYCSchools" */ = {
			isa = XCConfigurationList;
			buildConfigurations = (
				2A3ED4AF258A6F5600CCD9D8 /* Debug */,
				2A3ED4B0258A6F5600CCD9D8 /* Release */,
			);
			defaultConfigurationIsVisible = 0;
			defaultConfigurationName = Release;
		};
		2A3ED4B1258A6F5600CCD9D8 /* Build configuration list for PBXNativeTarget "NYCSchoolsTests" */ = {
			isa = XCConfigurationList;
			buildConfigurations = (
				2A3ED4B2258A6F5600CCD9D8 /* Debug */,
				2A3ED4B3258A6F5600CCD9D8 /* Release */,
			);
			defaultConfigurationIsVisible = 0;
			defaultConfigurationName = Release;
		};
		2A3ED4B4258A6F5600CCD9D8 /* Build configuration list for PBXNativeTarget "NYCSchoolsUITests" */ = {
			isa = XCConfigurationList;
			buildConfigurations = (
				2A3ED4B5258A6F5600CCD9D8 /* Debug */,
				2A3ED4B6258A6F5600CCD9D8 /* Release */,
			);
			defaultConfigurationIsVisible = 0;
			defaultConfigurationName = Release;
		};
/* End XCConfigurationList section */
	};
	rootObject = 2A3ED481258A6F5400CCD9D8 /* Project object */;
}
